{
  "R": {
    "Version": "4.3.3",
    "Repositories": [
      {
        "Name": "CRAN",
        "URL": "https://cloud.r-project.org"
      }
    ]
  },
  "Packages": {
    "tidyverse": {
      "Package": "tidyverse",
      "Version": "2.0.0",
      "Source": "Repository",
      "Repository": "CRAN"
    },
    "purrr": {
      "Package": "purrr",
      "Version": "1.0.2",
      "Source": "Repository",
      "Repository": "CRAN"
    },
    "progress": {
      "Package": "progress",
      "Version": "1.2.3",
      "Source": "Repository",
      "Repository": "CRAN"
    },
    "tidymodels": {
      "Package": "tidymodels",
      "Version": "1.1.1",
      "Source": "Repository",
      "Repository": "CRAN"
    },
    "keras": {
      "Package": "keras",
      "Version": "2.13.0",
      "Source": "Repository",
      "Repository": "CRAN"
    },
    "yardstick": {
      "Package": "yardstick",
      "Version": "1.2.0",
      "Source": "Repository",
      "Repository": "CRAN"
    },
    "rcdk": {
      "Package": "rcdk",
      "Version": "3.5.2",
      "Source": "Repository",
      "Repository": "CRAN"
    },
    "ranger": {
      "Package": "ranger",
      "Version": "0.16.0",
      "Source": "Repository",
      "Repository": "CRAN"
    },
    "kernlab": {
      "Package": "kernlab",
      "Version": "0.9-32",
      "Source": "Repository",
      "Repository": "CRAN"
    },
    "xgboost": {
      "Package": "xgboost",
      "Version": "1.7.7.1",
      "Source": "Repository",
      "Repository": "CRAN"
    },
    "themis": {
      "Package": "themis",
      "Version": "1.0.2",
      "Source": "Repository",
      "Repository": "CRAN"
    }
  }
}
